<Solution>
  <Folder Name="/src/">
    <Project Path="src/WolvesvilleManager.Api/WolvesvilleManager.Api.csproj" />
    <Project Path="src/WolvesvilleManager.Application/WolvesvilleManager.Application.csproj" />
    <Project Path="src/WolvesvilleManager.Domain/WolvesvilleManager.Domain.csproj" />
    <Project Path="src/WolvesvilleManager.Infrastructure/WolvesvilleManager.Infrastructure.csproj" />
  </Folder>
</Solution>
